
Microsoft Visual Studio Solution File, Format Version 12.00
# Visual Studio 15
VisualStudioVersion = 15.0.27130.2036
MinimumVisualStudioVersion = 10.0.40219.1
Project("{FAE04EC0-301F-11D3-BF4B-00C04F79EFBC}") = "Sl.Bpm.Dev", "Sl.Bpm.Dev\Sl.Bpm.Dev.csproj", "{764A2C17-03D6-4CFA-AAEB-381955F935FB}"
EndProject
Project("{FAE04EC0-301F-11D3-BF4B-00C04F79EFBC}") = "Sl.Bpm.TestConsole", "Sl.Bpm.TestConsole\Sl.Bpm.TestConsole.csproj", "{53519EF7-A475-40E7-B530-EC9BC75E573B}"
EndProject
Global
	GlobalSection(SolutionConfigurationPlatforms) = preSolution
		Debug|Any CPU = Debug|Any CPU
		Release|Any CPU = Release|Any CPU
	EndGlobalSection
	GlobalSection(ProjectConfigurationPlatforms) = postSolution
		{764A2C17-03D6-4CFA-AAEB-381955F935FB}.Debug|Any CPU.ActiveCfg = Debug|Any CPU
		{764A2C17-03D6-4CFA-AAEB-381955F935FB}.Debug|Any CPU.Build.0 = Debug|Any CPU
		{764A2C17-03D6-4CFA-AAEB-381955F935FB}.Release|Any CPU.ActiveCfg = Release|Any CPU
		{764A2C17-03D6-4CFA-AAEB-381955F935FB}.Release|Any CPU.Build.0 = Release|Any CPU
		{53519EF7-A475-40E7-B530-EC9BC75E573B}.Debug|Any CPU.ActiveCfg = Debug|Any CPU
		{53519EF7-A475-40E7-B530-EC9BC75E573B}.Debug|Any CPU.Build.0 = Debug|Any CPU
		{53519EF7-A475-40E7-B530-EC9BC75E573B}.Release|Any CPU.ActiveCfg = Release|Any CPU
		{53519EF7-A475-40E7-B530-EC9BC75E573B}.Release|Any CPU.Build.0 = Release|Any CPU
	EndGlobalSection
	GlobalSection(SolutionProperties) = preSolution
		HideSolutionNode = FALSE
	EndGlobalSection
	GlobalSection(ExtensibilityGlobals) = postSolution
		SolutionGuid = {14A1400F-6BFE-4001-BECB-35FE915BAB4E}
	EndGlobalSection
EndGlobal
